
Microsoft Visual Studio Solution File, Format Version 12.00
# Visual Studio 14
VisualStudioVersion = 14.0.24720.0
MinimumVisualStudioVersion = 10.0.40219.1
Project("{FAE04EC0-301F-11D3-BF4B-00C04F79EFBC}") = "BigBeautifulBot", "BigBeautifulBot.csproj", "{8A2F76FE-8A2A-432C-BE1F-DEBC4BF429DB}"
EndProject
Global
	GlobalSection(SolutionConfigurationPlatforms) = preSolution
		Debug|Any CPU = Debug|Any CPU
		Release|Any CPU = Release|Any CPU
	EndGlobalSection
	GlobalSection(ProjectConfigurationPlatforms) = postSolution
		{8A2F76FE-8A2A-432C-BE1F-DEBC4BF429DB}.Debug|Any CPU.ActiveCfg = Debug|Any CPU
		{8A2F76FE-8A2A-432C-BE1F-DEBC4BF429DB}.Debug|Any CPU.Build.0 = Debug|Any CPU
		{8A2F76FE-8A2A-432C-BE1F-DEBC4BF429DB}.Release|Any CPU.ActiveCfg = Release|Any CPU
		{8A2F76FE-8A2A-432C-BE1F-DEBC4BF429DB}.Release|Any CPU.Build.0 = Release|Any CPU
	EndGlobalSection
	GlobalSection(SolutionProperties) = preSolution
		HideSolutionNode = FALSE
	EndGlobalSection
EndGlobal
